
Microsoft Visual Studio Solution File, Format Version 12.00
# Visual Studio Version 17
VisualStudioVersion = 17.3.32825.248
MinimumVisualStudioVersion = 10.0.40219.1
Project("{FAE04EC0-301F-11D3-BF4B-00C04F79EFBC}") = "EventMaker", "EventMaker\EventMaker.csproj", "{AB006343-E0C9-46A2-BAF9-9B1BA1CC3DFD}"
EndProject
Global
	GlobalSection(SolutionConfigurationPlatforms) = preSolution
		Debug|Any CPU = Debug|Any CPU
		Release|Any CPU = Release|Any CPU
	EndGlobalSection
	GlobalSection(ProjectConfigurationPlatforms) = postSolution
		{AB006343-E0C9-46A2-BAF9-9B1BA1CC3DFD}.Debug|Any CPU.ActiveCfg = Debug|Any CPU
		{AB006343-E0C9-46A2-BAF9-9B1BA1CC3DFD}.Debug|Any CPU.Build.0 = Debug|Any CPU
		{AB006343-E0C9-46A2-BAF9-9B1BA1CC3DFD}.Release|Any CPU.ActiveCfg = Release|Any CPU
		{AB006343-E0C9-46A2-BAF9-9B1BA1CC3DFD}.Release|Any CPU.Build.0 = Release|Any CPU
	EndGlobalSection
	GlobalSection(SolutionProperties) = preSolution
		HideSolutionNode = FALSE
	EndGlobalSection
	GlobalSection(ExtensibilityGlobals) = postSolution
		SolutionGuid = {751316B6-C33D-4D09-B15A-406C40570529}
	EndGlobalSection
EndGlobal
